<?xml version="1.0" encoding="utf-8"?>
<Project ToolsVersion="14.0" xmlns="http://schemas.microsoft.com/developer/msbuild/2003">
  <ItemGroup>
    <Filter Include="Assets">
      <UniqueIdentifier>b9d596d9-2a67-4fc9-a281-146c04a0cf85</UniqueIdentifier>
      <Extensions>bmp;fbx;gif;jpg;jpeg;tga;tiff;tif;png</Extensions>
    </Filter>
    <Filter Include="Model">
      <UniqueIdentifier>{1edcba60-8167-49fb-b443-5657e09907c0}</UniqueIdentifier>
    </Filter>
    <Filter Include="ViewModel">
      <UniqueIdentifier>{6ca5a358-d69a-490b-8959-80352c66492d}</UniqueIdentifier>
    </Filter>
    <Filter Include="Core">
      <UniqueIdentifier>{924eee67-3bad-410f-91d5-32d128db9a5f}</UniqueIdentifier>
    </Filter>
    <Filter Include="Package">
      <UniqueIdentifier>{7b3da740-bbaa-4c51-a897-78b48a25e224}</UniqueIdentifier>
    </Filter>
    <Filter Include="Assets\Icons">
      <UniqueIdentifier>{f19314bf-d64a-40cc-9e6d-0dc657bd6f87}</UniqueIdentifier>
    </Filter>
    <Filter Include="Controller">
      <UniqueIdentifier>{884d83c6-6b24-44ea-aeed-dc6bf1ce0884}</UniqueIdentifier>
    </Filter>
    <Filter Include="View">
      <UniqueIdentifier>{1f682cf1-2648-429c-ba76-467f484e58d9}</UniqueIdentifier>
    </Filter>
    <Filter Include="View\Utility">
      <UniqueIdentifier>{aca3ab87-16c3-42ce-adb5-1955596b7c36}</UniqueIdentifier>
    </Filter>
    <Filter Include="ViewModel\OpenFiles">
      <UniqueIdentifier>{90534d36-fda0-494a-a7d4-aa9fd9cc31c2}</UniqueIdentifier>
    </Filter>
    <Filter Include="ViewModel\ProjectItems">
      <UniqueIdentifier>{c7efcf30-cfd9-4c57-b430-11d90096f786}</UniqueIdentifier>
    </Filter>
    <Filter Include="View\Utility\Converters">
      <UniqueIdentifier>{a91c1c95-b5ec-48ba-bfd6-db74cbf8d83e}</UniqueIdentifier>
    </Filter>
    <Filter Include="View\Utility\FlatList">
      <UniqueIdentifier>{7aa9e8eb-cf9b-45f9-8192-44bdaa45d89f}</UniqueIdentifier>
    </Filter>
    <Filter Include="View\Utility\Selectors">
      <UniqueIdentifier>{4edb86e1-a8db-4d61-a8b9-f1520366dba6}</UniqueIdentifier>
    </Filter>
    <Filter Include="View\Utility\Controls">
      <UniqueIdentifier>{89bf349e-ae27-4a15-919e-f81f33f32279}</UniqueIdentifier>
    </Filter>
    <Filter Include="Model\Project">
      <UniqueIdentifier>{9bca04e1-686a-4a3f-aaee-456e328bfff7}</UniqueIdentifier>
    </Filter>
    <Filter Include="Model\Document">
      <UniqueIdentifier>{a24b6742-419c-44ee-9f1d-1fed960e9ee4}</UniqueIdentifier>
    </Filter>
    <Filter Include="Model\OpenFiles">
      <UniqueIdentifier>{d69317ee-f933-4a13-a568-05dd4b4adaaa}</UniqueIdentifier>
    </Filter>
    <Filter Include="ViewModel\Document">
      <UniqueIdentifier>{56d129d5-cb53-4476-803a-288d452d3b89}</UniqueIdentifier>
    </Filter>
    <Filter Include="Core\Graph">
      <UniqueIdentifier>{07a59367-4d0d-4919-8dde-5c310c42e9a6}</UniqueIdentifier>
    </Filter>
  </ItemGroup>
  <ItemGroup>
    <ApplicationDefinition Include="App.xaml" />
  </ItemGroup>
  <ItemGroup>
    <ClCompile Include="App.xaml.cpp" />
    <ClCompile Include="pch.cpp" />
    <ClCompile Include="Model\AppState.cpp">
      <Filter>Model</Filter>
    </ClCompile>
    <ClCompile Include="Core\Event.cpp">
      <Filter>Core</Filter>
    </ClCompile>
    <ClCompile Include="Core\String.cpp">
      <Filter>Core</Filter>
    </ClCompile>
    <ClCompile Include="Core\Command.cpp">
      <Filter>Core</Filter>
    </ClCompile>
    <ClCompile Include="Model\PaneInfo.cpp">
      <Filter>Model</Filter>
    </ClCompile>
    <ClCompile Include="ViewModel\ShellVM.cpp">
      <Filter>ViewModel</Filter>
    </ClCompile>
    <ClCompile Include="ViewModel\PaneInfoVM.cpp">
      <Filter>ViewModel</Filter>
    </ClCompile>
    <ClCompile Include="ViewModel\MainPageVM.cpp">
      <Filter>ViewModel</Filter>
    </ClCompile>
    <ClCompile Include="ViewModel\FilesPaneVM.cpp">
      <Filter>ViewModel</Filter>
    </ClCompile>
    <ClCompile Include="Core\Properties.cpp">
      <Filter>Core</Filter>
    </ClCompile>
    <ClCompile Include="Core\Thread.cpp">
      <Filter>Core</Filter>
    </ClCompile>
    <ClCompile Include="Controller\AppController.cpp">
      <Filter>Controller</Filter>
    </ClCompile>
    <ClCompile Include="View\FilesPane.xaml.cpp" />
    <ClCompile Include="View\MainPage.xaml.cpp" />
    <ClCompile Include="View\Shell.xaml.cpp" />
    <ClCompile Include="Controller\AppPersist.cpp">
      <Filter>Controller</Filter>
    </ClCompile>
    <ClCompile Include="Core\Xaml.cpp">
      <Filter>Core</Filter>
    </ClCompile>
    <ClCompile Include="View\ImageEditor.xaml.cpp" />
    <ClCompile Include="View\OpenFileTabs.xaml.cpp" />
    <ClCompile Include="ViewModel\OpenImageVM.cpp">
      <Filter>ViewModel\OpenFiles</Filter>
    </ClCompile>
    <ClCompile Include="ViewModel\OpenNullFileVM.cpp">
      <Filter>ViewModel\OpenFiles</Filter>
    </ClCompile>
    <ClCompile Include="ViewModel\ProjectFileVM.cpp">
      <Filter>ViewModel\ProjectItems</Filter>
    </ClCompile>
    <ClCompile Include="ViewModel\ProjectFolderVM.cpp">
      <Filter>ViewModel\ProjectItems</Filter>
    </ClCompile>
    <ClCompile Include="ViewModel\ProjectItemVM.cpp">
      <Filter>ViewModel\ProjectItems</Filter>
    </ClCompile>
    <ClCompile Include="View\Utility\BoolToObjectConverter.cpp">
      <Filter>View\Utility\Converters</Filter>
    </ClCompile>
    <ClCompile Include="View\Utility\BoolToVisibleConverter.cpp">
      <Filter>View\Utility\Converters</Filter>
    </ClCompile>
    <ClCompile Include="View\Utility\LevelToIndentConverter.cpp">
      <Filter>View\Utility\Converters</Filter>
    </ClCompile>
    <ClCompile Include="View\Utility\FlatProjectItem.cpp">
      <Filter>View\Utility\FlatList</Filter>
    </ClCompile>
    <ClCompile Include="View\Utility\FlatProjectItems.cpp">
      <Filter>View\Utility\FlatList</Filter>
    </ClCompile>
    <ClCompile Include="View\Utility\FlatProjectList.cpp">
      <Filter>View\Utility\FlatList</Filter>
    </ClCompile>
    <ClCompile Include="View\Utility\OpenFileUiTemplateSelector.cpp">
      <Filter>View\Utility\Selectors</Filter>
    </ClCompile>
    <ClCompile Include="View\Utility\ProjectItemContainerStyleSelector.cpp">
      <Filter>View\Utility\Selectors</Filter>
    </ClCompile>
    <ClCompile Include="View\Utility\ProjectItemTemplateSelector.cpp">
      <Filter>View\Utility\Selectors</Filter>
    </ClCompile>
    <ClCompile Include="View\Utility\OpenFileListBox.cpp">
      <Filter>View\Utility\Controls</Filter>
    </ClCompile>
    <ClCompile Include="View\Utility\OpenFileListItem.cpp">
      <Filter>View\Utility\Controls</Filter>
    </ClCompile>
    <ClCompile Include="Core\Windows.cpp">
      <Filter>Core</Filter>
    </ClCompile>
    <ClCompile Include="Core\PngReadInfo.cpp">
      <Filter>Core</Filter>
    </ClCompile>
    <ClCompile Include="Model\Image.cpp">
      <Filter>Model\Document</Filter>
    </ClCompile>
    <ClCompile Include="Model\Layer.cpp">
      <Filter>Model\Document</Filter>
    </ClCompile>
    <ClCompile Include="Model\OpenFile.cpp">
      <Filter>Model\OpenFiles</Filter>
    </ClCompile>
    <ClCompile Include="Model\OpenImageFile.cpp">
      <Filter>Model\OpenFiles</Filter>
    </ClCompile>
    <ClCompile Include="Model\ProjectFile.cpp">
      <Filter>Model\Project</Filter>
    </ClCompile>
    <ClCompile Include="Model\ProjectFolder.cpp">
      <Filter>Model\Project</Filter>
    </ClCompile>
    <ClCompile Include="Model\ProjectItem.cpp">
      <Filter>Model\Project</Filter>
    </ClCompile>
    <ClCompile Include="ViewModel\OpenFileTabsVM.cpp">
      <Filter>ViewModel\OpenFiles</Filter>
    </ClCompile>
    <ClCompile Include="Model\RasterLayer.cpp">
      <Filter>Model\Document</Filter>
    </ClCompile>
    <ClCompile Include="ViewModel\ImageVM.cpp">
      <Filter>ViewModel\Document</Filter>
    </ClCompile>
    <ClCompile Include="ViewModel\IOpenFileVM.cpp">
      <Filter>ViewModel\OpenFiles</Filter>
    </ClCompile>
    <ClCompile Include="ViewModel\RasterLayerVM.cpp">
      <Filter>ViewModel\Document</Filter>
    </ClCompile>
    <ClCompile Include="ViewModel\ImageEditorVM.cpp">
      <Filter>ViewModel</Filter>
    </ClCompile>
    <ClCompile Include="Core\GraphDevice.cpp">
      <Filter>Core\Graph</Filter>
    </ClCompile>
    <ClCompile Include="Core\Shader.cpp">
      <Filter>Core\Graph</Filter>
    </ClCompile>
    <ClCompile Include="Core\Resource.cpp">
      <Filter>Core</Filter>
    </ClCompile>
  </ItemGroup>
  <ItemGroup>
    <ClInclude Include="pch.h" />
    <ClInclude Include="App.xaml.h" />
    <ClInclude Include="Model\AppState.h">
      <Filter>Model</Filter>
    </ClInclude>
    <ClInclude Include="Core\Event.h">
      <Filter>Core</Filter>
    </ClInclude>
    <ClInclude Include="Core\String.h">
      <Filter>Core</Filter>
    </ClInclude>
    <ClInclude Include="Core\Command.h">
      <Filter>Core</Filter>
    </ClInclude>
    <ClInclude Include="Model\PaneInfo.h">
      <Filter>Model</Filter>
    </ClInclude>
    <ClInclude Include="ViewModel\ShellVM.h">
      <Filter>ViewModel</Filter>
    </ClInclude>
    <ClInclude Include="ViewModel\PaneInfoVM.h">
      <Filter>ViewModel</Filter>
    </ClInclude>
    <ClInclude Include="ViewModel\MainPageVM.h">
      <Filter>ViewModel</Filter>
    </ClInclude>
    <ClInclude Include="ViewModel\FilesPaneVM.h">
      <Filter>ViewModel</Filter>
    </ClInclude>
    <ClInclude Include="Core\Properties.h">
      <Filter>Core</Filter>
    </ClInclude>
    <ClInclude Include="Core\Thread.h">
      <Filter>Core</Filter>
    </ClInclude>
    <ClInclude Include="Controller\AppController.h">
      <Filter>Controller</Filter>
    </ClInclude>
    <ClInclude Include="View\FilesPane.xaml.h" />
    <ClInclude Include="View\MainPage.xaml.h" />
    <ClInclude Include="View\Shell.xaml.h" />
    <ClInclude Include="Controller\AppPersist.h">
      <Filter>Controller</Filter>
    </ClInclude>
    <ClInclude Include="Core\Xaml.h">
      <Filter>Core</Filter>
    </ClInclude>
    <ClInclude Include="View\ImageEditor.xaml.h" />
    <ClInclude Include="View\OpenFileTabs.xaml.h" />
    <ClInclude Include="ViewModel\IOpenFileVM.h">
      <Filter>ViewModel\OpenFiles</Filter>
    </ClInclude>
    <ClInclude Include="ViewModel\OpenImageVM.h">
      <Filter>ViewModel\OpenFiles</Filter>
    </ClInclude>
    <ClInclude Include="ViewModel\OpenNullFileVM.h">
      <Filter>ViewModel\OpenFiles</Filter>
    </ClInclude>
    <ClInclude Include="ViewModel\IProjectItemVM.h">
      <Filter>ViewModel\ProjectItems</Filter>
    </ClInclude>
    <ClInclude Include="ViewModel\ProjectFileVM.h">
      <Filter>ViewModel\ProjectItems</Filter>
    </ClInclude>
    <ClInclude Include="ViewModel\ProjectFolderVM.h">
      <Filter>ViewModel\ProjectItems</Filter>
    </ClInclude>
    <ClInclude Include="ViewModel\ProjectItemVM.h">
      <Filter>ViewModel\ProjectItems</Filter>
    </ClInclude>
    <ClInclude Include="View\Utility\BoolToObjectConverter.h">
      <Filter>View\Utility\Converters</Filter>
    </ClInclude>
    <ClInclude Include="View\Utility\BoolToVisibleConverter.h">
      <Filter>View\Utility\Converters</Filter>
    </ClInclude>
    <ClInclude Include="View\Utility\LevelToIndentConverter.h">
      <Filter>View\Utility\Converters</Filter>
    </ClInclude>
    <ClInclude Include="View\Utility\FlatProjectItem.h">
      <Filter>View\Utility\FlatList</Filter>
    </ClInclude>
    <ClInclude Include="View\Utility\FlatProjectItems.h">
      <Filter>View\Utility\FlatList</Filter>
    </ClInclude>
    <ClInclude Include="View\Utility\FlatProjectList.h">
      <Filter>View\Utility\FlatList</Filter>
    </ClInclude>
    <ClInclude Include="View\Utility\OpenFileUiTemplateSelector.h">
      <Filter>View\Utility\Selectors</Filter>
    </ClInclude>
    <ClInclude Include="View\Utility\ProjectItemContainerStyleSelector.h">
      <Filter>View\Utility\Selectors</Filter>
    </ClInclude>
    <ClInclude Include="View\Utility\ProjectItemTemplateSelector.h">
      <Filter>View\Utility\Selectors</Filter>
    </ClInclude>
    <ClInclude Include="View\Utility\OpenFileListBox.h">
      <Filter>View\Utility\Controls</Filter>
    </ClInclude>
    <ClInclude Include="View\Utility\OpenFileListItem.h">
      <Filter>View\Utility\Controls</Filter>
    </ClInclude>
    <ClInclude Include="Core\Windows.h">
      <Filter>Core</Filter>
    </ClInclude>
    <ClInclude Include="Core\PngReadInfo.h">
      <Filter>Core</Filter>
    </ClInclude>
    <ClInclude Include="Model\Image.h">
      <Filter>Model\Document</Filter>
    </ClInclude>
    <ClInclude Include="Model\Layer.h">
      <Filter>Model\Document</Filter>
    </ClInclude>
    <ClInclude Include="Model\OpenFile.h">
      <Filter>Model\OpenFiles</Filter>
    </ClInclude>
    <ClInclude Include="Model\OpenImageFile.h">
      <Filter>Model\OpenFiles</Filter>
    </ClInclude>
    <ClInclude Include="Model\ProjectFile.h">
      <Filter>Model\Project</Filter>
    </ClInclude>
    <ClInclude Include="Model\ProjectFolder.h">
      <Filter>Model\Project</Filter>
    </ClInclude>
    <ClInclude Include="Model\ProjectItem.h">
      <Filter>Model\Project</Filter>
    </ClInclude>
    <ClInclude Include="ViewModel\OpenFileTabsVM.h">
      <Filter>ViewModel\OpenFiles</Filter>
    </ClInclude>
    <ClInclude Include="Model\RasterLayer.h">
      <Filter>Model\Document</Filter>
    </ClInclude>
    <ClInclude Include="ViewModel\ImageVM.h">
      <Filter>ViewModel\Document</Filter>
    </ClInclude>
    <ClInclude Include="ViewModel\ILayerVM.h">
      <Filter>ViewModel\Document</Filter>
    </ClInclude>
    <ClInclude Include="ViewModel\RasterLayerVM.h">
      <Filter>ViewModel\Document</Filter>
    </ClInclude>
    <ClInclude Include="ViewModel\ImageEditorVM.h">
      <Filter>ViewModel</Filter>
    </ClInclude>
    <ClInclude Include="Core\Point.h">
      <Filter>Core</Filter>
    </ClInclude>
    <ClInclude Include="Core\Rect.h">
      <Filter>Core</Filter>
    </ClInclude>
    <ClInclude Include="Core\GraphContextLock.h">
      <Filter>Core\Graph</Filter>
    </ClInclude>
    <ClInclude Include="Core\GraphDevice.h">
      <Filter>Core\Graph</Filter>
    </ClInclude>
    <ClInclude Include="Core\Shader.h">
      <Filter>Core\Graph</Filter>
    </ClInclude>
    <ClInclude Include="Core\Resource.h">
      <Filter>Core</Filter>
    </ClInclude>
  </ItemGroup>
  <ItemGroup>
    <Image Include="Assets\LockScreenLogo.scale-200.png">
      <Filter>Assets</Filter>
    </Image>
    <Image Include="Assets\SplashScreen.scale-200.png">
      <Filter>Assets</Filter>
    </Image>
    <Image Include="Assets\Square150x150Logo.scale-200.png">
      <Filter>Assets</Filter>
    </Image>
    <Image Include="Assets\Square44x44Logo.scale-200.png">
      <Filter>Assets</Filter>
    </Image>
    <Image Include="Assets\Square44x44Logo.targetsize-24_altform-unplated.png">
      <Filter>Assets</Filter>
    </Image>
    <Image Include="Assets\StoreLogo.png">
      <Filter>Assets</Filter>
    </Image>
    <Image Include="Assets\Wide310x150Logo.scale-200.png">
      <Filter>Assets</Filter>
    </Image>
    <Image Include="Assets\Icons\documents.scale-100.png">
      <Filter>Assets\Icons</Filter>
    </Image>
    <Image Include="Assets\Icons\documents.scale-200.png">
      <Filter>Assets\Icons</Filter>
    </Image>
    <Image Include="Assets\Icons\image_colors.scale-100.png">
      <Filter>Assets\Icons</Filter>
    </Image>
    <Image Include="Assets\Icons\image_colors.scale-200.png">
      <Filter>Assets\Icons</Filter>
    </Image>
    <Image Include="Assets\Icons\layers.scale-100.png">
      <Filter>Assets\Icons</Filter>
    </Image>
    <Image Include="Assets\Icons\layers.scale-200.png">
      <Filter>Assets\Icons</Filter>
    </Image>
    <Image Include="Assets\Icons\view_zoom.scale-100.png">
      <Filter>Assets\Icons</Filter>
    </Image>
    <Image Include="Assets\Icons\view_zoom.scale-200.png">
      <Filter>Assets\Icons</Filter>
    </Image>
    <Image Include="Assets\Icons\movie2.scale-100.png">
      <Filter>Assets\Icons</Filter>
    </Image>
    <Image Include="Assets\Icons\movie2.scale-200.png">
      <Filter>Assets\Icons</Filter>
    </Image>
    <Image Include="Assets\Icons\close_simple.scale-100.png">
      <Filter>Assets\Icons</Filter>
    </Image>
    <Image Include="Assets\Icons\close_simple.scale-200.png">
      <Filter>Assets\Icons</Filter>
    </Image>
    <Image Include="Assets\Icons\folder_open-picture.scale-100.png">
      <Filter>Assets\Icons</Filter>
    </Image>
    <Image Include="Assets\Icons\folder_open-picture.scale-200.png">
      <Filter>Assets\Icons</Filter>
    </Image>
    <Image Include="Assets\Icons\folder.scale-100.png">
      <Filter>Assets\Icons</Filter>
    </Image>
    <Image Include="Assets\Icons\folder.scale-200.png">
      <Filter>Assets\Icons</Filter>
    </Image>
    <Image Include="Assets\Icons\folder_open.scale-100.png">
      <Filter>Assets\Icons</Filter>
    </Image>
    <Image Include="Assets\Icons\folder_open.scale-200.png">
      <Filter>Assets\Icons</Filter>
    </Image>
    <Image Include="Assets\Icons\picture.scale-100.png">
      <Filter>Assets\Icons</Filter>
    </Image>
    <Image Include="Assets\Icons\picture.scale-200.png">
      <Filter>Assets\Icons</Filter>
    </Image>
    <Image Include="Assets\Icons\picture-edit.scale-100.png">
      <Filter>Assets\Icons</Filter>
    </Image>
    <Image Include="Assets\Icons\picture-edit.scale-200.png">
      <Filter>Assets\Icons</Filter>
    </Image>
    <Image Include="Assets\Icons\project.scale-100.png">
      <Filter>Assets\Icons</Filter>
    </Image>
    <Image Include="Assets\Icons\project.scale-200.png">
      <Filter>Assets\Icons</Filter>
    </Image>
    <Image Include="Assets\Icons\project-add.scale-100.png">
      <Filter>Assets\Icons</Filter>
    </Image>
    <Image Include="Assets\Icons\project-add.scale-200.png">
      <Filter>Assets\Icons</Filter>
    </Image>
  </ItemGroup>
  <ItemGroup>
    <AppxManifest Include="Package.appxmanifest">
      <Filter>Package</Filter>
    </AppxManifest>
  </ItemGroup>
  <ItemGroup>
    <None Include="Core\Vertex.hlsli">
      <Filter>Core\Graph</Filter>
    </None>
    <None Include="anim_TemporaryKey.pfx">
      <Filter>Package</Filter>
    </None>
  </ItemGroup>
  <ItemGroup>
    <PRIResource Include="Resources.resw">
      <Filter>Package</Filter>
    </PRIResource>
  </ItemGroup>
  <ItemGroup>
    <Page Include="View\FilesPane.xaml">
      <Filter>View</Filter>
    </Page>
    <Page Include="View\MainPage.xaml">
      <Filter>View</Filter>
    </Page>
    <Page Include="View\Shell.xaml">
      <Filter>View</Filter>
    </Page>
    <Page Include="View\Theme.xaml">
      <Filter>View</Filter>
    </Page>
    <Page Include="View\ImageEditor.xaml">
      <Filter>View</Filter>
    </Page>
    <Page Include="View\OpenFileTabs.xaml">
      <Filter>View</Filter>
    </Page>
  </ItemGroup>
  <ItemGroup>
    <FxCompile Include="Core\TextureVS.hlsl">
      <Filter>Core\Graph</Filter>
    </FxCompile>
    <FxCompile Include="Core\TexturePS.hlsl">
      <Filter>Core\Graph</Filter>
    </FxCompile>
  </ItemGroup>
</Project>