<?xml version="1.0" encoding="utf-8"?>
<Project ToolsVersion="14.0" xmlns="http://schemas.microsoft.com/developer/msbuild/2003">
  <ItemGroup>
    <Filter Include="Assets">
      <UniqueIdentifier>b9d596d9-2a67-4fc9-a281-146c04a0cf85</UniqueIdentifier>
      <Extensions>bmp;fbx;gif;jpg;jpeg;tga;tiff;tif;png</Extensions>
    </Filter>
    <Filter Include="Model">
      <UniqueIdentifier>{1edcba60-8167-49fb-b443-5657e09907c0}</UniqueIdentifier>
    </Filter>
    <Filter Include="ViewModel">
      <UniqueIdentifier>{6ca5a358-d69a-490b-8959-80352c66492d}</UniqueIdentifier>
    </Filter>
    <Filter Include="Core">
      <UniqueIdentifier>{924eee67-3bad-410f-91d5-32d128db9a5f}</UniqueIdentifier>
    </Filter>
  </ItemGroup>
  <ItemGroup>
    <ApplicationDefinition Include="App.xaml" />
  </ItemGroup>
  <ItemGroup>
    <ClCompile Include="App.xaml.cpp" />
    <ClCompile Include="MainPage.xaml.cpp" />
    <ClCompile Include="pch.cpp" />
    <ClCompile Include="Model\AppState.cpp">
      <Filter>Model</Filter>
    </ClCompile>
    <ClCompile Include="ViewModel\ViewAppState.cpp">
      <Filter>ViewModel</Filter>
    </ClCompile>
    <ClCompile Include="Core\Event.cpp">
      <Filter>Core</Filter>
    </ClCompile>
    <ClCompile Include="Core\String.cpp">
      <Filter>Core</Filter>
    </ClCompile>
    <ClCompile Include="ViewModel\ViewProjectFolder.cpp">
      <Filter>ViewModel</Filter>
    </ClCompile>
  </ItemGroup>
  <ItemGroup>
    <ClInclude Include="pch.h" />
    <ClInclude Include="App.xaml.h" />
    <ClInclude Include="MainPage.xaml.h" />
    <ClInclude Include="Model\AppState.h">
      <Filter>Model</Filter>
    </ClInclude>
    <ClInclude Include="ViewModel\ViewAppState.h">
      <Filter>ViewModel</Filter>
    </ClInclude>
    <ClInclude Include="Core\Event.h">
      <Filter>Core</Filter>
    </ClInclude>
    <ClInclude Include="Core\String.h">
      <Filter>Core</Filter>
    </ClInclude>
    <ClInclude Include="ViewModel\ViewProjectFolder.h">
      <Filter>ViewModel</Filter>
    </ClInclude>
  </ItemGroup>
  <ItemGroup>
    <Image Include="Assets\LockScreenLogo.scale-200.png">
      <Filter>Assets</Filter>
    </Image>
    <Image Include="Assets\SplashScreen.scale-200.png">
      <Filter>Assets</Filter>
    </Image>
    <Image Include="Assets\Square150x150Logo.scale-200.png">
      <Filter>Assets</Filter>
    </Image>
    <Image Include="Assets\Square44x44Logo.scale-200.png">
      <Filter>Assets</Filter>
    </Image>
    <Image Include="Assets\Square44x44Logo.targetsize-24_altform-unplated.png">
      <Filter>Assets</Filter>
    </Image>
    <Image Include="Assets\StoreLogo.png">
      <Filter>Assets</Filter>
    </Image>
    <Image Include="Assets\Wide310x150Logo.scale-200.png">
      <Filter>Assets</Filter>
    </Image>
  </ItemGroup>
  <ItemGroup>
    <AppxManifest Include="Package.appxmanifest" />
  </ItemGroup>
  <ItemGroup>
    <Page Include="MainPage.xaml" />
  </ItemGroup>
  <ItemGroup>
    <None Include="TemporaryKey.pfx" />
  </ItemGroup>
</Project>