
Microsoft Visual Studio Solution File, Format Version 12.00
# Visual Studio 14
VisualStudioVersion = 14.0.25420.1
MinimumVisualStudioVersion = 10.0.40219.1
Project("{8BC9CEB8-8B4A-11D0-8D11-00A0C91BC942}") = "anim", "anim\anim.vcxproj", "{5F708E52-38EB-4751-85E6-A92DC99A51C8}"
EndProject
Project("{8BC9CEB8-8B4A-11D0-8D11-00A0C91BC942}") = "anim.zlib", "zlib\zlib.vcxproj", "{49F8C1B7-6D04-44B7-82BA-A813D826B2F1}"
EndProject
Project("{8BC9CEB8-8B4A-11D0-8D11-00A0C91BC942}") = "anim.libpng", "libpng\libpng.vcxproj", "{3CF4A670-C800-4548-804D-1D4789E0A9D6}"
EndProject
Global
	GlobalSection(SolutionConfigurationPlatforms) = preSolution
		Debug|ARM = Debug|ARM
		Debug|x64 = Debug|x64
		Debug|x86 = Debug|x86
		Release|ARM = Release|ARM
		Release|x64 = Release|x64
		Release|x86 = Release|x86
	EndGlobalSection
	GlobalSection(ProjectConfigurationPlatforms) = postSolution
		{5F708E52-38EB-4751-85E6-A92DC99A51C8}.Debug|ARM.ActiveCfg = Debug|ARM
		{5F708E52-38EB-4751-85E6-A92DC99A51C8}.Debug|ARM.Build.0 = Debug|ARM
		{5F708E52-38EB-4751-85E6-A92DC99A51C8}.Debug|ARM.Deploy.0 = Debug|ARM
		{5F708E52-38EB-4751-85E6-A92DC99A51C8}.Debug|x64.ActiveCfg = Debug|x64
		{5F708E52-38EB-4751-85E6-A92DC99A51C8}.Debug|x64.Build.0 = Debug|x64
		{5F708E52-38EB-4751-85E6-A92DC99A51C8}.Debug|x64.Deploy.0 = Debug|x64
		{5F708E52-38EB-4751-85E6-A92DC99A51C8}.Debug|x86.ActiveCfg = Debug|Win32
		{5F708E52-38EB-4751-85E6-A92DC99A51C8}.Debug|x86.Build.0 = Debug|Win32
		{5F708E52-38EB-4751-85E6-A92DC99A51C8}.Debug|x86.Deploy.0 = Debug|Win32
		{5F708E52-38EB-4751-85E6-A92DC99A51C8}.Release|ARM.ActiveCfg = Release|ARM
		{5F708E52-38EB-4751-85E6-A92DC99A51C8}.Release|ARM.Build.0 = Release|ARM
		{5F708E52-38EB-4751-85E6-A92DC99A51C8}.Release|ARM.Deploy.0 = Release|ARM
		{5F708E52-38EB-4751-85E6-A92DC99A51C8}.Release|x64.ActiveCfg = Release|x64
		{5F708E52-38EB-4751-85E6-A92DC99A51C8}.Release|x64.Build.0 = Release|x64
		{5F708E52-38EB-4751-85E6-A92DC99A51C8}.Release|x64.Deploy.0 = Release|x64
		{5F708E52-38EB-4751-85E6-A92DC99A51C8}.Release|x86.ActiveCfg = Release|Win32
		{5F708E52-38EB-4751-85E6-A92DC99A51C8}.Release|x86.Build.0 = Release|Win32
		{5F708E52-38EB-4751-85E6-A92DC99A51C8}.Release|x86.Deploy.0 = Release|Win32
		{49F8C1B7-6D04-44B7-82BA-A813D826B2F1}.Debug|ARM.ActiveCfg = Debug|ARM
		{49F8C1B7-6D04-44B7-82BA-A813D826B2F1}.Debug|ARM.Build.0 = Debug|ARM
		{49F8C1B7-6D04-44B7-82BA-A813D826B2F1}.Debug|x64.ActiveCfg = Debug|x64
		{49F8C1B7-6D04-44B7-82BA-A813D826B2F1}.Debug|x64.Build.0 = Debug|x64
		{49F8C1B7-6D04-44B7-82BA-A813D826B2F1}.Debug|x86.ActiveCfg = Debug|Win32
		{49F8C1B7-6D04-44B7-82BA-A813D826B2F1}.Debug|x86.Build.0 = Debug|Win32
		{49F8C1B7-6D04-44B7-82BA-A813D826B2F1}.Release|ARM.ActiveCfg = Release|ARM
		{49F8C1B7-6D04-44B7-82BA-A813D826B2F1}.Release|ARM.Build.0 = Release|ARM
		{49F8C1B7-6D04-44B7-82BA-A813D826B2F1}.Release|x64.ActiveCfg = Release|x64
		{49F8C1B7-6D04-44B7-82BA-A813D826B2F1}.Release|x64.Build.0 = Release|x64
		{49F8C1B7-6D04-44B7-82BA-A813D826B2F1}.Release|x86.ActiveCfg = Release|Win32
		{49F8C1B7-6D04-44B7-82BA-A813D826B2F1}.Release|x86.Build.0 = Release|Win32
		{3CF4A670-C800-4548-804D-1D4789E0A9D6}.Debug|ARM.ActiveCfg = Debug|ARM
		{3CF4A670-C800-4548-804D-1D4789E0A9D6}.Debug|ARM.Build.0 = Debug|ARM
		{3CF4A670-C800-4548-804D-1D4789E0A9D6}.Debug|x64.ActiveCfg = Debug|x64
		{3CF4A670-C800-4548-804D-1D4789E0A9D6}.Debug|x64.Build.0 = Debug|x64
		{3CF4A670-C800-4548-804D-1D4789E0A9D6}.Debug|x86.ActiveCfg = Debug|Win32
		{3CF4A670-C800-4548-804D-1D4789E0A9D6}.Debug|x86.Build.0 = Debug|Win32
		{3CF4A670-C800-4548-804D-1D4789E0A9D6}.Release|ARM.ActiveCfg = Release|ARM
		{3CF4A670-C800-4548-804D-1D4789E0A9D6}.Release|ARM.Build.0 = Release|ARM
		{3CF4A670-C800-4548-804D-1D4789E0A9D6}.Release|x64.ActiveCfg = Release|x64
		{3CF4A670-C800-4548-804D-1D4789E0A9D6}.Release|x64.Build.0 = Release|x64
		{3CF4A670-C800-4548-804D-1D4789E0A9D6}.Release|x86.ActiveCfg = Release|Win32
		{3CF4A670-C800-4548-804D-1D4789E0A9D6}.Release|x86.Build.0 = Release|Win32
	EndGlobalSection
	GlobalSection(SolutionProperties) = preSolution
		HideSolutionNode = FALSE
	EndGlobalSection
EndGlobal
